<?xml version="1.0" encoding="utf-8"?>
<Project ToolsVersion="4.0" xmlns="http://schemas.microsoft.com/developer/msbuild/2003">
  <ItemGroup>
    <Filter Include="소스 파일">
      <UniqueIdentifier>{4FC737F1-C7A5-4376-A066-2A32D752A2FF}</UniqueIdentifier>
      <Extensions>cpp;c;cc;cxx;def;odl;idl;hpj;bat;asm;asmx</Extensions>
    </Filter>
    <Filter Include="헤더 파일">
      <UniqueIdentifier>{93995380-89BD-4b04-88EB-625FBE52EBFB}</UniqueIdentifier>
      <Extensions>h;hh;hpp;hxx;hm;inl;inc;ipp;xsd</Extensions>
    </Filter>
    <Filter Include="리소스 파일">
      <UniqueIdentifier>{67DA6AB6-F800-4c08-8B7A-83BB121AAD01}</UniqueIdentifier>
      <Extensions>rc;ico;cur;bmp;dlg;rc2;rct;bin;rgs;gif;jpg;jpeg;jpe;resx;tiff;tif;png;wav;mfcribbon-ms</Extensions>
    </Filter>
    <Filter Include="Test">
      <UniqueIdentifier>{8de056be-b397-4394-9d6f-ef863f855478}</UniqueIdentifier>
    </Filter>
    <Filter Include="GameObject">
      <UniqueIdentifier>{d9a0dbeb-d42f-4e5c-9c6e-74d32f07fc34}</UniqueIdentifier>
    </Filter>
    <Filter Include="Component">
      <UniqueIdentifier>{555475a1-be72-4a61-830a-a7b46a350a16}</UniqueIdentifier>
    </Filter>
    <Filter Include="Base">
      <UniqueIdentifier>{4ce4fb92-49cd-4f78-a4ac-c4980151f899}</UniqueIdentifier>
    </Filter>
    <Filter Include="Event">
      <UniqueIdentifier>{3ca89548-f051-4032-a750-9fc8cd21b3d2}</UniqueIdentifier>
    </Filter>
  </ItemGroup>
  <ItemGroup>
    <ClCompile Include="main.cpp">
      <Filter>소스 파일</Filter>
    </ClCompile>
    <ClCompile Include="DefaultScene.cpp">
      <Filter>Test</Filter>
    </ClCompile>
    <ClCompile Include="Component.cpp">
      <Filter>Component</Filter>
    </ClCompile>
    <ClCompile Include="Transform.cpp">
      <Filter>Component</Filter>
    </ClCompile>
    <ClCompile Include="Camera.cpp">
      <Filter>Component</Filter>
    </ClCompile>
    <ClCompile Include="Scene.cpp">
      <Filter>GameObject</Filter>
    </ClCompile>
    <ClCompile Include="GameObject.cpp">
      <Filter>GameObject</Filter>
    </ClCompile>
    <ClCompile Include="Application.cpp">
      <Filter>Base</Filter>
    </ClCompile>
    <ClCompile Include="ConfigUtil.cpp">
      <Filter>Base</Filter>
    </ClCompile>
    <ClCompile Include="Core.cpp">
      <Filter>Base</Filter>
    </ClCompile>
    <ClCompile Include="Direct3D.cpp">
      <Filter>Base</Filter>
    </ClCompile>
    <ClCompile Include="ObjectManager.cpp">
      <Filter>Base</Filter>
    </ClCompile>
    <ClCompile Include="PathUtil.cpp">
      <Filter>Base</Filter>
    </ClCompile>
    <ClCompile Include="Renderer.cpp">
      <Filter>Base</Filter>
    </ClCompile>
    <ClCompile Include="SceneController.cpp">
      <Filter>Base</Filter>
    </ClCompile>
    <ClCompile Include="Timer.cpp">
      <Filter>Base</Filter>
    </ClCompile>
    <ClCompile Include="TextureCache.cpp">
      <Filter>Base</Filter>
    </ClCompile>
    <ClCompile Include="FontCache.cpp">
      <Filter>Base</Filter>
    </ClCompile>
    <ClCompile Include="AudioPlayer.cpp">
      <Filter>Base</Filter>
    </ClCompile>
    <ClCompile Include="TestCode.cpp">
      <Filter>소스 파일</Filter>
    </ClCompile>
    <ClCompile Include="EventDispatcher.cpp">
      <Filter>Event</Filter>
    </ClCompile>
    <ClCompile Include="EventListener.cpp">
      <Filter>Event</Filter>
    </ClCompile>
  </ItemGroup>
  <ItemGroup>
    <ClInclude Include="DefaultScene.h">
      <Filter>Test</Filter>
    </ClInclude>
    <ClInclude Include="Camera.h">
      <Filter>Component</Filter>
    </ClInclude>
    <ClInclude Include="Component.h">
      <Filter>Component</Filter>
    </ClInclude>
    <ClInclude Include="Transform.h">
      <Filter>Component</Filter>
    </ClInclude>
    <ClInclude Include="GameObject.h">
      <Filter>GameObject</Filter>
    </ClInclude>
    <ClInclude Include="Scene.h">
      <Filter>GameObject</Filter>
    </ClInclude>
    <ClInclude Include="Application.h">
      <Filter>Base</Filter>
    </ClInclude>
    <ClInclude Include="ConfigUtil.h">
      <Filter>Base</Filter>
    </ClInclude>
    <ClInclude Include="Core.h">
      <Filter>Base</Filter>
    </ClInclude>
    <ClInclude Include="Direct3D.h">
      <Filter>Base</Filter>
    </ClInclude>
    <ClInclude Include="ObjectManager.h">
      <Filter>Base</Filter>
    </ClInclude>
    <ClInclude Include="PathUtil.h">
      <Filter>Base</Filter>
    </ClInclude>
    <ClInclude Include="Renderer.h">
      <Filter>Base</Filter>
    </ClInclude>
    <ClInclude Include="SceneController.h">
      <Filter>Base</Filter>
    </ClInclude>
    <ClInclude Include="Timer.h">
      <Filter>Base</Filter>
    </ClInclude>
    <ClInclude Include="TextureCache.h">
      <Filter>Base</Filter>
    </ClInclude>
    <ClInclude Include="FontCache.h">
      <Filter>Base</Filter>
    </ClInclude>
    <ClInclude Include="AudioPlayer.h">
      <Filter>Base</Filter>
    </ClInclude>
    <ClInclude Include="TestCode.h">
      <Filter>헤더 파일</Filter>
    </ClInclude>
    <ClInclude Include="EventDispatcher.h">
      <Filter>Event</Filter>
    </ClInclude>
    <ClInclude Include="EventListener.h">
      <Filter>Event</Filter>
    </ClInclude>
  </ItemGroup>
  <ItemGroup>
    <None Include="Component.inl">
      <Filter>Component</Filter>
    </None>
    <None Include="GameObject.inl">
      <Filter>GameObject</Filter>
    </None>
    <None Include="ObjectManager.inl">
      <Filter>Base</Filter>
    </None>
  </ItemGroup>
</Project>